{
  "pins" : [
    {
      "identity" : "google-maps-ios-utils",
      "kind" : "remoteSourceControl",
      "location" : "https://github.com/googlemaps/google-maps-ios-utils.git",
      "state" : {
        "revision" : "b56b39cec0e3d5938ddadbfeb4d3fec541ebbb5e",
        "version" : "4.2.2"
      }
    }
  ],
  "version" : 2
}
